
Microsoft Visual Studio Solution File, Format Version 12.00
Project("{FAE04EC0-301F-11D3-BF4B-00C04F79EFBC}") = "MegaMeow", "MegaMeow.csproj", "{B5804DC2-5E67-4B17-A13D-0987C47A25CF}"
EndProject
Global
	GlobalSection(SolutionConfigurationPlatforms) = preSolution
		Debug|Any CPU = Debug|Any CPU
		Release|Any CPU = Release|Any CPU
	EndGlobalSection
	GlobalSection(ProjectConfigurationPlatforms) = postSolution
		{B5804DC2-5E67-4B17-A13D-0987C47A25CF}.Debug|Any CPU.ActiveCfg = Debug|Any CPU
		{B5804DC2-5E67-4B17-A13D-0987C47A25CF}.Debug|Any CPU.Build.0 = Debug|Any CPU
		{B5804DC2-5E67-4B17-A13D-0987C47A25CF}.Release|Any CPU.ActiveCfg = Release|Any CPU
		{B5804DC2-5E67-4B17-A13D-0987C47A25CF}.Release|Any CPU.Build.0 = Release|Any CPU
	EndGlobalSection
EndGlobal
